
Microsoft Visual Studio Solution File, Format Version 12.00
# Visual Studio Version 17
VisualStudioVersion = 17.4.33213.308
MinimumVisualStudioVersion = 10.0.40219.1
Project("{9A19103F-16F7-4668-BE54-9A1E7A4F7556}") = "ChatIngress.Ingress", "ChatIngress.Ingress\ChatIngress.Ingress.csproj", "{C5212B47-2BAC-4107-82D0-8A9650C3585F}"
EndProject
Project("{9A19103F-16F7-4668-BE54-9A1E7A4F7556}") = "ChatIngress.Core", "ChatIngress.Core\ChatIngress.Core.csproj", "{EE3BF36E-CE28-480F-8DDC-F48D6E21A89A}"
EndProject
Project("{9A19103F-16F7-4668-BE54-9A1E7A4F7556}") = "ChatIngress.Slack", "ChatIngress.Slack\ChatIngress.Slack.csproj", "{D6DDA4C9-4F0B-470A-9E72-E60D69A93EEF}"
EndProject
Project("{9A19103F-16F7-4668-BE54-9A1E7A4F7556}") = "ChatIngress.Slack.Services", "ChatIngress.Slack.Services\ChatIngress.Slack.Services.csproj", "{4CEDFA46-D1DA-496A-8A2A-802B27D09CB3}"
EndProject
Project("{9A19103F-16F7-4668-BE54-9A1E7A4F7556}") = "ChatIngress.Teams", "ChatIngress.Teams\ChatIngress.Teams.csproj", "{C8DA587B-CB93-4308-BA1F-BE76C7160C93}"
EndProject
Project("{9A19103F-16F7-4668-BE54-9A1E7A4F7556}") = "ChatIngress.Teams.Services", "ChatIngress.Teams.Services\ChatIngress.Teams.Services.csproj", "{98CBE075-26BE-44D0-8A82-3CA13E5BA022}"
EndProject
Global
	GlobalSection(SolutionConfigurationPlatforms) = preSolution
		Debug|Any CPU = Debug|Any CPU
		Release|Any CPU = Release|Any CPU
	EndGlobalSection
	GlobalSection(ProjectConfigurationPlatforms) = postSolution
		{C5212B47-2BAC-4107-82D0-8A9650C3585F}.Debug|Any CPU.ActiveCfg = Debug|Any CPU
		{C5212B47-2BAC-4107-82D0-8A9650C3585F}.Debug|Any CPU.Build.0 = Debug|Any CPU
		{C5212B47-2BAC-4107-82D0-8A9650C3585F}.Release|Any CPU.ActiveCfg = Release|Any CPU
		{C5212B47-2BAC-4107-82D0-8A9650C3585F}.Release|Any CPU.Build.0 = Release|Any CPU
		{EE3BF36E-CE28-480F-8DDC-F48D6E21A89A}.Debug|Any CPU.ActiveCfg = Debug|Any CPU
		{EE3BF36E-CE28-480F-8DDC-F48D6E21A89A}.Debug|Any CPU.Build.0 = Debug|Any CPU
		{EE3BF36E-CE28-480F-8DDC-F48D6E21A89A}.Release|Any CPU.ActiveCfg = Release|Any CPU
		{EE3BF36E-CE28-480F-8DDC-F48D6E21A89A}.Release|Any CPU.Build.0 = Release|Any CPU
		{D6DDA4C9-4F0B-470A-9E72-E60D69A93EEF}.Debug|Any CPU.ActiveCfg = Debug|Any CPU
		{D6DDA4C9-4F0B-470A-9E72-E60D69A93EEF}.Debug|Any CPU.Build.0 = Debug|Any CPU
		{D6DDA4C9-4F0B-470A-9E72-E60D69A93EEF}.Release|Any CPU.ActiveCfg = Release|Any CPU
		{D6DDA4C9-4F0B-470A-9E72-E60D69A93EEF}.Release|Any CPU.Build.0 = Release|Any CPU
		{4CEDFA46-D1DA-496A-8A2A-802B27D09CB3}.Debug|Any CPU.ActiveCfg = Debug|Any CPU
		{4CEDFA46-D1DA-496A-8A2A-802B27D09CB3}.Debug|Any CPU.Build.0 = Debug|Any CPU
		{4CEDFA46-D1DA-496A-8A2A-802B27D09CB3}.Release|Any CPU.ActiveCfg = Release|Any CPU
		{4CEDFA46-D1DA-496A-8A2A-802B27D09CB3}.Release|Any CPU.Build.0 = Release|Any CPU
		{C8DA587B-CB93-4308-BA1F-BE76C7160C93}.Debug|Any CPU.ActiveCfg = Debug|Any CPU
		{C8DA587B-CB93-4308-BA1F-BE76C7160C93}.Debug|Any CPU.Build.0 = Debug|Any CPU
		{C8DA587B-CB93-4308-BA1F-BE76C7160C93}.Release|Any CPU.ActiveCfg = Release|Any CPU
		{C8DA587B-CB93-4308-BA1F-BE76C7160C93}.Release|Any CPU.Build.0 = Release|Any CPU
		{98CBE075-26BE-44D0-8A82-3CA13E5BA022}.Debug|Any CPU.ActiveCfg = Debug|Any CPU
		{98CBE075-26BE-44D0-8A82-3CA13E5BA022}.Debug|Any CPU.Build.0 = Debug|Any CPU
		{98CBE075-26BE-44D0-8A82-3CA13E5BA022}.Release|Any CPU.ActiveCfg = Release|Any CPU
		{98CBE075-26BE-44D0-8A82-3CA13E5BA022}.Release|Any CPU.Build.0 = Release|Any CPU
	EndGlobalSection
	GlobalSection(SolutionProperties) = preSolution
		HideSolutionNode = FALSE
	EndGlobalSection
	GlobalSection(ExtensibilityGlobals) = postSolution
		SolutionGuid = {ECF19963-8A24-490B-AF87-D403E3439802}
	EndGlobalSection
EndGlobal
